
Microsoft Visual Studio Solution File, Format Version 12.00
# Visual Studio Version 17
VisualStudioVersion = 17.0.31919.166
MinimumVisualStudioVersion = 10.0.40219.1
Project("{FAE04EC0-301F-11D3-BF4B-00C04F79EFBC}") = "Houser.API", "Houser.API\Houser.API.csproj", "{D35BDE2C-01B6-4A52-B6A0-FC98E6E022DF}"
EndProject
Project("{FAE04EC0-301F-11D3-BF4B-00C04F79EFBC}") = "Houser.Model", "Houser.Model\Houser.Model.csproj", "{233DEEE4-65AC-4394-A1C0-9D7A7755A8DF}"
EndProject
Project("{FAE04EC0-301F-11D3-BF4B-00C04F79EFBC}") = "Houser.DB", "Houser.DB\Houser.DB.csproj", "{2F9FADA2-F12A-4BE1-80A1-CA92F0FA6BB4}"
EndProject
Project("{FAE04EC0-301F-11D3-BF4B-00C04F79EFBC}") = "Houser.Service", "Houser.Service\Houser.Service.csproj", "{C54A6861-C85D-4A8F-84C0-7622D4D7849A}"
EndProject
Global
	GlobalSection(SolutionConfigurationPlatforms) = preSolution
		Debug|Any CPU = Debug|Any CPU
		Release|Any CPU = Release|Any CPU
	EndGlobalSection
	GlobalSection(ProjectConfigurationPlatforms) = postSolution
		{D35BDE2C-01B6-4A52-B6A0-FC98E6E022DF}.Debug|Any CPU.ActiveCfg = Debug|Any CPU
		{D35BDE2C-01B6-4A52-B6A0-FC98E6E022DF}.Debug|Any CPU.Build.0 = Debug|Any CPU
		{D35BDE2C-01B6-4A52-B6A0-FC98E6E022DF}.Release|Any CPU.ActiveCfg = Release|Any CPU
		{D35BDE2C-01B6-4A52-B6A0-FC98E6E022DF}.Release|Any CPU.Build.0 = Release|Any CPU
		{233DEEE4-65AC-4394-A1C0-9D7A7755A8DF}.Debug|Any CPU.ActiveCfg = Debug|Any CPU
		{233DEEE4-65AC-4394-A1C0-9D7A7755A8DF}.Debug|Any CPU.Build.0 = Debug|Any CPU
		{233DEEE4-65AC-4394-A1C0-9D7A7755A8DF}.Release|Any CPU.ActiveCfg = Release|Any CPU
		{233DEEE4-65AC-4394-A1C0-9D7A7755A8DF}.Release|Any CPU.Build.0 = Release|Any CPU
		{2F9FADA2-F12A-4BE1-80A1-CA92F0FA6BB4}.Debug|Any CPU.ActiveCfg = Debug|Any CPU
		{2F9FADA2-F12A-4BE1-80A1-CA92F0FA6BB4}.Debug|Any CPU.Build.0 = Debug|Any CPU
		{2F9FADA2-F12A-4BE1-80A1-CA92F0FA6BB4}.Release|Any CPU.ActiveCfg = Release|Any CPU
		{2F9FADA2-F12A-4BE1-80A1-CA92F0FA6BB4}.Release|Any CPU.Build.0 = Release|Any CPU
		{C54A6861-C85D-4A8F-84C0-7622D4D7849A}.Debug|Any CPU.ActiveCfg = Debug|Any CPU
		{C54A6861-C85D-4A8F-84C0-7622D4D7849A}.Debug|Any CPU.Build.0 = Debug|Any CPU
		{C54A6861-C85D-4A8F-84C0-7622D4D7849A}.Release|Any CPU.ActiveCfg = Release|Any CPU
		{C54A6861-C85D-4A8F-84C0-7622D4D7849A}.Release|Any CPU.Build.0 = Release|Any CPU
	EndGlobalSection
	GlobalSection(SolutionProperties) = preSolution
		HideSolutionNode = FALSE
	EndGlobalSection
	GlobalSection(ExtensibilityGlobals) = postSolution
		SolutionGuid = {B77C398B-1D66-400C-8A12-B51E3038E430}
	EndGlobalSection
EndGlobal
